
Microsoft Visual Studio Solution File, Format Version 12.00
# Visual Studio Version 16
VisualStudioVersion = 16.0.30717.126
MinimumVisualStudioVersion = 10.0.40219.1
Project("{9A19103F-16F7-4668-BE54-9A1E7A4F7556}") = "BlazorWebAssembly", "BlazorWebAssembly\BlazorWebAssembly.csproj", "{541C7640-B58F-480E-86B8-5AE95789660F}"
EndProject
Global
	GlobalSection(SolutionConfigurationPlatforms) = preSolution
		Debug|Any CPU = Debug|Any CPU
		Release|Any CPU = Release|Any CPU
	EndGlobalSection
	GlobalSection(ProjectConfigurationPlatforms) = postSolution
		{541C7640-B58F-480E-86B8-5AE95789660F}.Debug|Any CPU.ActiveCfg = Debug|Any CPU
		{541C7640-B58F-480E-86B8-5AE95789660F}.Debug|Any CPU.Build.0 = Debug|Any CPU
		{541C7640-B58F-480E-86B8-5AE95789660F}.Release|Any CPU.ActiveCfg = Release|Any CPU
		{541C7640-B58F-480E-86B8-5AE95789660F}.Release|Any CPU.Build.0 = Release|Any CPU
	EndGlobalSection
	GlobalSection(SolutionProperties) = preSolution
		HideSolutionNode = FALSE
	EndGlobalSection
	GlobalSection(ExtensibilityGlobals) = postSolution
		SolutionGuid = {C1838D76-0BC0-4A28-A7A6-CFAB4C62F3C6}
	EndGlobalSection
EndGlobal
